{
  "name": "fictional-isolated-consumer",
  "version": "0.0.0",
  "lockfileVersion": 3,
  "packages": {
    "": {
      "name": "fictional-isolated-consumer",
      "version": "0.0.0",
      "private": true,
      "dependencies": {
        "openclaw": "file:./artifacts/openclaw.tgz",
        "@openclaw/ai": "file:./artifacts/openclaw-ai.tgz",
        "@openclaw/slack": "file:./artifacts/openclaw-slack.tgz",
        "@openclaw/msteams": "file:./artifacts/openclaw-msteams.tgz",
        "@openclaw/codex": "file:./artifacts/openclaw-codex.tgz",
        "@openai/codex": "0.153.0"
      }
    },
    "node_modules/openclaw": {
      "name": "openclaw",
      "version": "0.0.0-fixture",
      "resolved": "file:artifacts/openclaw.tgz",
      "integrity": "sha512-UgnYeyhfPqSxRYyMdOarVK+cs3/33375T334/KZ/ZTDyq1In9nWhB4nSRtio8xiLA5NdLMZJErXKvsgLdTrCWA=="
    },
    "node_modules/@openclaw/ai": {
      "name": "@openclaw/ai",
      "version": "0.0.0-fixture",
      "resolved": "file:artifacts/openclaw-ai.tgz",
      "integrity": "sha512-XXz4qnXCz1Yd6PqM2KcM0uuaEeEVxfmgZ0GHojZeDHw2dKNX/6hshDmVxhqji8947JrqNb9vmcOY1Nme5tmb1Q=="
    },
    "node_modules/@openclaw/slack": {
      "name": "@openclaw/slack",
      "version": "0.0.0-fixture",
      "resolved": "file:artifacts/openclaw-slack.tgz",
      "integrity": "sha512-FDpfyy0z0I4AXlMPWC5vDpo/87k+QXy3RxBpLy85VrwmZKXtI4vVKCha0/9n+eVXs/mV7pCPDqabl6Gc2Q0MRQ=="
    },
    "node_modules/@openclaw/msteams": {
      "name": "@openclaw/msteams",
      "version": "0.0.0-fixture",
      "resolved": "file:artifacts/openclaw-msteams.tgz",
      "integrity": "sha512-3T9oTEpXHM0OPzYhXL5Cp3HjqadL2QTeKIm1ArLIdzlqmlrcSKLsrdYZZgeKNeLus+i8FVlTypSwAHV+BbARnw=="
    },
    "node_modules/@openclaw/codex": {
      "name": "@openclaw/codex",
      "version": "0.0.0-fixture",
      "resolved": "file:artifacts/openclaw-codex.tgz",
      "integrity": "sha512-wj4Hsy7YTEegWGT6kb+tnC/vTkrJXN80aAwvURSl/GDrD4R2DfZzI7x/IarvOMIB9d4i2+28syew22m5Wu1j6A=="
    },
    "node_modules/@openai/codex": {
      "version": "0.153.0",
      "resolved": "https://registry.npmjs.org/@openai/codex/-/codex-0.153.0.tgz"
    }
  }
}
